
Microsoft Visual Studio Solution File, Format Version 12.00
# Visual Studio Version 16
VisualStudioVersion = 16.0.29609.76
MinimumVisualStudioVersion = 10.0.40219.1
Project("{FAE04EC0-301F-11D3-BF4B-00C04F79EFBC}") = "SecretSanta", "SecretSanta\SecretSanta.csproj", "{6ABE2CA7-38E3-4A96-84F0-9993756EE44E}"
EndProject
Global
	GlobalSection(SolutionConfigurationPlatforms) = preSolution
		Debug|Any CPU = Debug|Any CPU
		Release|Any CPU = Release|Any CPU
	EndGlobalSection
	GlobalSection(ProjectConfigurationPlatforms) = postSolution
		{6ABE2CA7-38E3-4A96-84F0-9993756EE44E}.Debug|Any CPU.ActiveCfg = Debug|Any CPU
		{6ABE2CA7-38E3-4A96-84F0-9993756EE44E}.Debug|Any CPU.Build.0 = Debug|Any CPU
		{6ABE2CA7-38E3-4A96-84F0-9993756EE44E}.Release|Any CPU.ActiveCfg = Release|Any CPU
		{6ABE2CA7-38E3-4A96-84F0-9993756EE44E}.Release|Any CPU.Build.0 = Release|Any CPU
	EndGlobalSection
	GlobalSection(SolutionProperties) = preSolution
		HideSolutionNode = FALSE
	EndGlobalSection
	GlobalSection(ExtensibilityGlobals) = postSolution
		SolutionGuid = {8E87A06D-2920-4BBA-8232-797D88F29065}
	EndGlobalSection
EndGlobal
